
Microsoft Visual Studio Solution File, Format Version 12.00
# Visual Studio 14
VisualStudioVersion = 14.0.23107.0
MinimumVisualStudioVersion = 10.0.40219.1
Project("{FAE04EC0-301F-11D3-BF4B-00C04F79EFBC}") = "MyMoneyManager", "MyMoneyManager\MyMoneyManager.csproj", "{1FD3DE5A-BCBD-4119-8403-96BDBF5258F2}"
EndProject
Project("{FAE04EC0-301F-11D3-BF4B-00C04F79EFBC}") = "MyMoneyManager.Server", "MyMoneyManager.Server\MyMoneyManager.Server.csproj", "{ED3C55EB-977F-4CCC-A03E-730923CDC8F3}"
EndProject
Project("{FAE04EC0-301F-11D3-BF4B-00C04F79EFBC}") = "MyMoneyManager.Infrastucture", "MyMoneyManager.Infrastucture\MyMoneyManager.Infrastucture.csproj", "{37EF33E4-83B7-4FD5-AA02-5CF9F8B02E12}"
EndProject
Global
	GlobalSection(SolutionConfigurationPlatforms) = preSolution
		Debug|Any CPU = Debug|Any CPU
		Release|Any CPU = Release|Any CPU
	EndGlobalSection
	GlobalSection(ProjectConfigurationPlatforms) = postSolution
		{1FD3DE5A-BCBD-4119-8403-96BDBF5258F2}.Debug|Any CPU.ActiveCfg = Debug|Any CPU
		{1FD3DE5A-BCBD-4119-8403-96BDBF5258F2}.Debug|Any CPU.Build.0 = Debug|Any CPU
		{1FD3DE5A-BCBD-4119-8403-96BDBF5258F2}.Release|Any CPU.ActiveCfg = Release|Any CPU
		{1FD3DE5A-BCBD-4119-8403-96BDBF5258F2}.Release|Any CPU.Build.0 = Release|Any CPU
		{ED3C55EB-977F-4CCC-A03E-730923CDC8F3}.Debug|Any CPU.ActiveCfg = Debug|Any CPU
		{ED3C55EB-977F-4CCC-A03E-730923CDC8F3}.Debug|Any CPU.Build.0 = Debug|Any CPU
		{ED3C55EB-977F-4CCC-A03E-730923CDC8F3}.Release|Any CPU.ActiveCfg = Release|Any CPU
		{ED3C55EB-977F-4CCC-A03E-730923CDC8F3}.Release|Any CPU.Build.0 = Release|Any CPU
		{37EF33E4-83B7-4FD5-AA02-5CF9F8B02E12}.Debug|Any CPU.ActiveCfg = Debug|Any CPU
		{37EF33E4-83B7-4FD5-AA02-5CF9F8B02E12}.Debug|Any CPU.Build.0 = Debug|Any CPU
		{37EF33E4-83B7-4FD5-AA02-5CF9F8B02E12}.Release|Any CPU.ActiveCfg = Release|Any CPU
		{37EF33E4-83B7-4FD5-AA02-5CF9F8B02E12}.Release|Any CPU.Build.0 = Release|Any CPU
	EndGlobalSection
	GlobalSection(SolutionProperties) = preSolution
		HideSolutionNode = FALSE
	EndGlobalSection
EndGlobal
